// !$*UTF8*$!
{
	archiveVersion = 1;
	classes = {
	};
	objectVersion = 55;
	objects = {

/* Begin PBXBuildFile section */
		47CE3C5A28C4C75B004AD987 /* HeartBeatLiveApp.swift in Sources */ = {isa = PBXBuildFile; fileRef = 47CE3C5928C4C75B004AD987 /* HeartBeatLiveApp.swift */; };
		47CE3C5E28C4C75E004AD987 /* Assets.xcassets in Resources */ = {isa = PBXBuildFile; fileRef = 47CE3C5D28C4C75E004AD987 /* Assets.xcassets */; };
		47CE3C6128C4C75E004AD987 /* Preview Assets.xcassets in Resources */ = {isa = PBXBuildFile; fileRef = 47CE3C6028C4C75E004AD987 /* Preview Assets.xcassets */; };
		47CE3C6B28C4C75F004AD987 /* HeartBeatLiveTests.swift in Sources */ = {isa = PBXBuildFile; fileRef = 47CE3C6A28C4C75F004AD987 /* HeartBeatLiveTests.swift */; };
		47CE3C7528C4C75F004AD987 /* HeartBeatLiveUITests.swift in Sources */ = {isa = PBXBuildFile; fileRef = 47CE3C7428C4C75F004AD987 /* HeartBeatLiveUITests.swift */; };
		47CE3C7728C4C75F004AD987 /* HeartBeatLiveUITestsLaunchTests.swift in Sources */ = {isa = PBXBuildFile; fileRef = 47CE3C7628C4C75F004AD987 /* HeartBeatLiveUITestsLaunchTests.swift */; };
		47CE3C8828C4C9F7004AD987 /* CustomColors.swift in Sources */ = {isa = PBXBuildFile; fileRef = 47CE3C8728C4C9F7004AD987 /* CustomColors.swift */; };
		47CE3C9128C4CD4E004AD987 /* ContentView.swift in Sources */ = {isa = PBXBuildFile; fileRef = 47CE3C9028C4CD4E004AD987 /* ContentView.swift */; };
/* End PBXBuildFile section */

/* Begin PBXContainerItemProxy section */
		47CE3C6728C4C75F004AD987 /* PBXContainerItemProxy */ = {
			isa = PBXContainerItemProxy;
			containerPortal = 47CE3C4E28C4C75B004AD987 /* Project object */;
			proxyType = 1;
			remoteGlobalIDString = 47CE3C5528C4C75B004AD987;
			remoteInfo = HeartBeatLive;
		};
		47CE3C7128C4C75F004AD987 /* PBXContainerItemProxy */ = {
			isa = PBXContainerItemProxy;
			containerPortal = 47CE3C4E28C4C75B004AD987 /* Project object */;
			proxyType = 1;
			remoteGlobalIDString = 47CE3C5528C4C75B004AD987;
			remoteInfo = HeartBeatLive;
		};
/* End PBXContainerItemProxy section */

/* Begin PBXFileReference section */
		47CE3C5628C4C75B004AD987 /* HeartBeatLive.app */ = {isa = PBXFileReference; explicitFileType = wrapper.application; includeInIndex = 0; path = HeartBeatLive.app; sourceTree = BUILT_PRODUCTS_DIR; };
		47CE3C5928C4C75B004AD987 /* HeartBeatLiveApp.swift */ = {isa = PBXFileReference; lastKnownFileType = sourcecode.swift; path = HeartBeatLiveApp.swift; sourceTree = "<group>"; };
		47CE3C5D28C4C75E004AD987 /* Assets.xcassets */ = {isa = PBXFileReference; lastKnownFileType = folder.assetcatalog; path = Assets.xcassets; sourceTree = "<group>"; };
		47CE3C6028C4C75E004AD987 /* Preview Assets.xcassets */ = {isa = PBXFileReference; lastKnownFileType = folder.assetcatalog; path = "Preview Assets.xcassets"; sourceTree = "<group>"; };
		47CE3C6628C4C75F004AD987 /* HeartBeatLiveTests.xctest */ = {isa = PBXFileReference; explicitFileType = wrapper.cfbundle; includeInIndex = 0; path = HeartBeatLiveTests.xctest; sourceTree = BUILT_PRODUCTS_DIR; };
		47CE3C6A28C4C75F004AD987 /* HeartBeatLiveTests.swift */ = {isa = PBXFileReference; lastKnownFileType = sourcecode.swift; path = HeartBeatLiveTests.swift; sourceTree = "<group>"; };
		47CE3C7028C4C75F004AD987 /* HeartBeatLiveUITests.xctest */ = {isa = PBXFileReference; explicitFileType = wrapper.cfbundle; includeInIndex = 0; path = HeartBeatLiveUITests.xctest; sourceTree = BUILT_PRODUCTS_DIR; };
		47CE3C7428C4C75F004AD987 /* HeartBeatLiveUITests.swift */ = {isa = PBXFileReference; lastKnownFileType = sourcecode.swift; path = HeartBeatLiveUITests.swift; sourceTree = "<group>"; };
		47CE3C7628C4C75F004AD987 /* HeartBeatLiveUITestsLaunchTests.swift */ = {isa = PBXFileReference; lastKnownFileType = sourcecode.swift; path = HeartBeatLiveUITestsLaunchTests.swift; sourceTree = "<group>"; };
		47CE3C8728C4C9F7004AD987 /* CustomColors.swift */ = {isa = PBXFileReference; lastKnownFileType = sourcecode.swift; path = CustomColors.swift; sourceTree = "<group>"; };
		47CE3C9028C4CD4E004AD987 /* ContentView.swift */ = {isa = PBXFileReference; lastKnownFileType = sourcecode.swift; path = ContentView.swift; sourceTree = "<group>"; };
/* End PBXFileReference section */

/* Begin PBXFrameworksBuildPhase section */
		47CE3C5328C4C75B004AD987 /* Frameworks */ = {
			isa = PBXFrameworksBuildPhase;
			buildActionMask = 2147483647;
			files = (
			);
			runOnlyForDeploymentPostprocessing = 0;
		};
		47CE3C6328C4C75F004AD987 /* Frameworks */ = {
			isa = PBXFrameworksBuildPhase;
			buildActionMask = 2147483647;
			files = (
			);
			runOnlyForDeploymentPostprocessing = 0;
		};
		47CE3C6D28C4C75F004AD987 /* Frameworks */ = {
			isa = PBXFrameworksBuildPhase;
			buildActionMask = 2147483647;
			files = (
			);
			runOnlyForDeploymentPostprocessing = 0;
		};
/* End PBXFrameworksBuildPhase section */

/* Begin PBXGroup section */
		47CE3C4D28C4C75B004AD987 = {
			isa = PBXGroup;
			children = (
				47CE3C5828C4C75B004AD987 /* HeartBeatLive */,
				47CE3C6928C4C75F004AD987 /* HeartBeatLiveTests */,
				47CE3C7328C4C75F004AD987 /* HeartBeatLiveUITests */,
				47CE3C5728C4C75B004AD987 /* Products */,
			);
			sourceTree = "<group>";
		};
		47CE3C5728C4C75B004AD987 /* Products */ = {
			isa = PBXGroup;
			children = (
				47CE3C5628C4C75B004AD987 /* HeartBeatLive.app */,
				47CE3C6628C4C75F004AD987 /* HeartBeatLiveTests.xctest */,
				47CE3C7028C4C75F004AD987 /* HeartBeatLiveUITests.xctest */,
			);
			name = Products;
			sourceTree = "<group>";
		};
		47CE3C5828C4C75B004AD987 /* HeartBeatLive */ = {
			isa = PBXGroup;
			children = (
				47CE3C5928C4C75B004AD987 /* HeartBeatLiveApp.swift */,
				47CE3C8F28C4CD16004AD987 /* View */,
				47CE3C8D28C4CCFD004AD987 /* Utils */,
				47CE3C8E28C4CD09004AD987 /* Assets */,
				47CE3C5F28C4C75E004AD987 /* Preview Content */,
			);
			path = HeartBeatLive;
			sourceTree = "<group>";
		};
		47CE3C5F28C4C75E004AD987 /* Preview Content */ = {
			isa = PBXGroup;
			children = (
				47CE3C6028C4C75E004AD987 /* Preview Assets.xcassets */,
			);
			path = "Preview Content";
			sourceTree = "<group>";
		};
		47CE3C6928C4C75F004AD987 /* HeartBeatLiveTests */ = {
			isa = PBXGroup;
			children = (
				47CE3C6A28C4C75F004AD987 /* HeartBeatLiveTests.swift */,
			);
			path = HeartBeatLiveTests;
			sourceTree = "<group>";
		};
		47CE3C7328C4C75F004AD987 /* HeartBeatLiveUITests */ = {
			isa = PBXGroup;
			children = (
				47CE3C7428C4C75F004AD987 /* HeartBeatLiveUITests.swift */,
				47CE3C7628C4C75F004AD987 /* HeartBeatLiveUITestsLaunchTests.swift */,
			);
			path = HeartBeatLiveUITests;
			sourceTree = "<group>";
		};
		47CE3C8D28C4CCFD004AD987 /* Utils */ = {
			isa = PBXGroup;
			children = (
				47CE3C8728C4C9F7004AD987 /* CustomColors.swift */,
			);
			path = Utils;
			sourceTree = "<group>";
		};
		47CE3C8E28C4CD09004AD987 /* Assets */ = {
			isa = PBXGroup;
			children = (
				47CE3C5D28C4C75E004AD987 /* Assets.xcassets */,
			);
			path = Assets;
			sourceTree = "<group>";
		};
		47CE3C8F28C4CD16004AD987 /* View */ = {
			isa = PBXGroup;
			children = (
				47CE3C9028C4CD4E004AD987 /* ContentView.swift */,
			);
			path = View;
			sourceTree = "<group>";
		};
/* End PBXGroup section */

/* Begin PBXNativeTarget section */
		47CE3C5528C4C75B004AD987 /* HeartBeatLive */ = {
			isa = PBXNativeTarget;
			buildConfigurationList = 47CE3C7A28C4C75F004AD987 /* Build configuration list for PBXNativeTarget "HeartBeatLive" */;
			buildPhases = (
				47CE3C5228C4C75B004AD987 /* Sources */,
				47CE3C5328C4C75B004AD987 /* Frameworks */,
				47CE3C5428C4C75B004AD987 /* Resources */,
			);
			buildRules = (
			);
			dependencies = (
			);
			name = HeartBeatLive;
			productName = HeartBeatLive;
			productReference = 47CE3C5628C4C75B004AD987 /* HeartBeatLive.app */;
			productType = "com.apple.product-type.application";
		};
		47CE3C6528C4C75F004AD987 /* HeartBeatLiveTests */ = {
			isa = PBXNativeTarget;
			buildConfigurationList = 47CE3C7D28C4C75F004AD987 /* Build configuration list for PBXNativeTarget "HeartBeatLiveTests" */;
			buildPhases = (
				47CE3C6228C4C75F004AD987 /* Sources */,
				47CE3C6328C4C75F004AD987 /* Frameworks */,
				47CE3C6428C4C75F004AD987 /* Resources */,
			);
			buildRules = (
			);
			dependencies = (
				47CE3C6828C4C75F004AD987 /* PBXTargetDependency */,
			);
			name = HeartBeatLiveTests;
			productName = HeartBeatLiveTests;
			productReference = 47CE3C6628C4C75F004AD987 /* HeartBeatLiveTests.xctest */;
			productType = "com.apple.product-type.bundle.unit-test";
		};
		47CE3C6F28C4C75F004AD987 /* HeartBeatLiveUITests */ = {
			isa = PBXNativeTarget;
			buildConfigurationList = 47CE3C8028C4C75F004AD987 /* Build configuration list for PBXNativeTarget "HeartBeatLiveUITests" */;
			buildPhases = (
				47CE3C6C28C4C75F004AD987 /* Sources */,
				47CE3C6D28C4C75F004AD987 /* Frameworks */,
				47CE3C6E28C4C75F004AD987 /* Resources */,
			);
			buildRules = (
			);
			dependencies = (
				47CE3C7228C4C75F004AD987 /* PBXTargetDependency */,
			);
			name = HeartBeatLiveUITests;
			productName = HeartBeatLiveUITests;
			productReference = 47CE3C7028C4C75F004AD987 /* HeartBeatLiveUITests.xctest */;
			productType = "com.apple.product-type.bundle.ui-testing";
		};
/* End PBXNativeTarget section */

/* Begin PBXProject section */
		47CE3C4E28C4C75B004AD987 /* Project object */ = {
			isa = PBXProject;
			attributes = {
				BuildIndependentTargetsInParallel = 1;
				LastSwiftUpdateCheck = 1340;
				LastUpgradeCheck = 1340;
				TargetAttributes = {
					47CE3C5528C4C75B004AD987 = {
						CreatedOnToolsVersion = 13.4.1;
					};
					47CE3C6528C4C75F004AD987 = {
						CreatedOnToolsVersion = 13.4.1;
						TestTargetID = 47CE3C5528C4C75B004AD987;
					};
					47CE3C6F28C4C75F004AD987 = {
						CreatedOnToolsVersion = 13.4.1;
						TestTargetID = 47CE3C5528C4C75B004AD987;
					};
				};
			};
			buildConfigurationList = 47CE3C5128C4C75B004AD987 /* Build configuration list for PBXProject "HeartBeatLive" */;
			compatibilityVersion = "Xcode 13.0";
			developmentRegion = en;
			hasScannedForEncodings = 0;
			knownRegions = (
				en,
				Base,
			);
			mainGroup = 47CE3C4D28C4C75B004AD987;
			productRefGroup = 47CE3C5728C4C75B004AD987 /* Products */;
			projectDirPath = "";
			projectRoot = "";
			targets = (
				47CE3C5528C4C75B004AD987 /* HeartBeatLive */,
				47CE3C6528C4C75F004AD987 /* HeartBeatLiveTests */,
				47CE3C6F28C4C75F004AD987 /* HeartBeatLiveUITests */,
			);
		};
/* End PBXProject section */

/* Begin PBXResourcesBuildPhase section */
		47CE3C5428C4C75B004AD987 /* Resources */ = {
			isa = PBXResourcesBuildPhase;
			buildActionMask = 2147483647;
			files = (
				47CE3C6128C4C75E004AD987 /* Preview Assets.xcassets in Resources */,
				47CE3C5E28C4C75E004AD987 /* Assets.xcassets in Resources */,
			);
			runOnlyForDeploymentPostprocessing = 0;
		};
		47CE3C6428C4C75F004AD987 /* Resources */ = {
			isa = PBXResourcesBuildPhase;
			buildActionMask = 2147483647;
			files = (
			);
			runOnlyForDeploymentPostprocessing = 0;
		};
		47CE3C6E28C4C75F004AD987 /* Resources */ = {
			isa = PBXResourcesBuildPhase;
			buildActionMask = 2147483647;
			files = (
			);
			runOnlyForDeploymentPostprocessing = 0;
		};
/* End PBXResourcesBuildPhase section */

/* Begin PBXSourcesBuildPhase section */
		47CE3C5228C4C75B004AD987 /* Sources */ = {
			isa = PBXSourcesBuildPhase;
			buildActionMask = 2147483647;
			files = (
				47CE3C8828C4C9F7004AD987 /* CustomColors.swift in Sources */,
				47CE3C5A28C4C75B004AD987 /* HeartBeatLiveApp.swift in Sources */,
				47CE3C9128C4CD4E004AD987 /* ContentView.swift in Sources */,
			);
			runOnlyForDeploymentPostprocessing = 0;
		};
		47CE3C6228C4C75F004AD987 /* Sources */ = {
			isa = PBXSourcesBuildPhase;
			buildActionMask = 2147483647;
			files = (
				47CE3C6B28C4C75F004AD987 /* HeartBeatLiveTests.swift in Sources */,
			);
			runOnlyForDeploymentPostprocessing = 0;
		};
		47CE3C6C28C4C75F004AD987 /* Sources */ = {
			isa = PBXSourcesBuildPhase;
			buildActionMask = 2147483647;
			files = (
				47CE3C7528C4C75F004AD987 /* HeartBeatLiveUITests.swift in Sources */,
				47CE3C7728C4C75F004AD987 /* HeartBeatLiveUITestsLaunchTests.swift in Sources */,
			);
			runOnlyForDeploymentPostprocessing = 0;
		};
/* End PBXSourcesBuildPhase section */

/* Begin PBXTargetDependency section */
		47CE3C6828C4C75F004AD987 /* PBXTargetDependency */ = {
			isa = PBXTargetDependency;
			target = 47CE3C5528C4C75B004AD987 /* HeartBeatLive */;
			targetProxy = 47CE3C6728C4C75F004AD987 /* PBXContainerItemProxy */;
		};
		47CE3C7228C4C75F004AD987 /* PBXTargetDependency */ = {
			isa = PBXTargetDependency;
			target = 47CE3C5528C4C75B004AD987 /* HeartBeatLive */;
			targetProxy = 47CE3C7128C4C75F004AD987 /* PBXContainerItemProxy */;
		};
/* End PBXTargetDependency section */

/* Begin XCBuildConfiguration section */
		47CE3C7828C4C75F004AD987 /* Debug */ = {
			isa = XCBuildConfiguration;
			buildSettings = {
				ALWAYS_SEARCH_USER_PATHS = NO;
				CLANG_ANALYZER_NONNULL = YES;
				CLANG_ANALYZER_NUMBER_OBJECT_CONVERSION = YES_AGGRESSIVE;
				CLANG_CXX_LANGUAGE_STANDARD = "gnu++17";
				CLANG_ENABLE_MODULES = YES;
				CLANG_ENABLE_OBJC_ARC = YES;
				CLANG_ENABLE_OBJC_WEAK = YES;
				CLANG_WARN_BLOCK_CAPTURE_AUTORELEASING = YES;
				CLANG_WARN_BOOL_CONVERSION = YES;
				CLANG_WARN_COMMA = YES;
				CLANG_WARN_CONSTANT_CONVERSION = YES;
				CLANG_WARN_DEPRECATED_OBJC_IMPLEMENTATIONS = YES;
				CLANG_WARN_DIRECT_OBJC_ISA_USAGE = YES_ERROR;
				CLANG_WARN_DOCUMENTATION_COMMENTS = YES;
				CLANG_WARN_EMPTY_BODY = YES;
				CLANG_WARN_ENUM_CONVERSION = YES;
				CLANG_WARN_INFINITE_RECURSION = YES;
				CLANG_WARN_INT_CONVERSION = YES;
				CLANG_WARN_NON_LITERAL_NULL_CONVERSION = YES;
				CLANG_WARN_OBJC_IMPLICIT_RETAIN_SELF = YES;
				CLANG_WARN_OBJC_LITERAL_CONVERSION = YES;
				CLANG_WARN_OBJC_ROOT_CLASS = YES_ERROR;
				CLANG_WARN_QUOTED_INCLUDE_IN_FRAMEWORK_HEADER = YES;
				CLANG_WARN_RANGE_LOOP_ANALYSIS = YES;
				CLANG_WARN_STRICT_PROTOTYPES = YES;
				CLANG_WARN_SUSPICIOUS_MOVE = YES;
				CLANG_WARN_UNGUARDED_AVAILABILITY = YES_AGGRESSIVE;
				CLANG_WARN_UNREACHABLE_CODE = YES;
				CLANG_WARN__DUPLICATE_METHOD_MATCH = YES;
				COPY_PHASE_STRIP = NO;
				DEBUG_INFORMATION_FORMAT = dwarf;
				ENABLE_STRICT_OBJC_MSGSEND = YES;
				ENABLE_TESTABILITY = YES;
				GCC_C_LANGUAGE_STANDARD = gnu11;
				GCC_DYNAMIC_NO_PIC = NO;
				GCC_NO_COMMON_BLOCKS = YES;
				GCC_OPTIMIZATION_LEVEL = 0;
				GCC_PREPROCESSOR_DEFINITIONS = (
					"DEBUG=1",
					"$(inherited)",
				);
				GCC_WARN_64_TO_32_BIT_CONVERSION = YES;
				GCC_WARN_ABOUT_RETURN_TYPE = YES_ERROR;
				GCC_WARN_UNDECLARED_SELECTOR = YES;
				GCC_WARN_UNINITIALIZED_AUTOS = YES_AGGRESSIVE;
				GCC_WARN_UNUSED_FUNCTION = YES;
				GCC_WARN_UNUSED_VARIABLE = YES;
				IPHONEOS_DEPLOYMENT_TARGET = 15.5;
				MTL_ENABLE_DEBUG_INFO = INCLUDE_SOURCE;
				MTL_FAST_MATH = YES;
				ONLY_ACTIVE_ARCH = YES;
				SDKROOT = iphoneos;
				SWIFT_ACTIVE_COMPILATION_CONDITIONS = DEBUG;
				SWIFT_OPTIMIZATION_LEVEL = "-Onone";
			};
			name = Debug;
		};
		47CE3C7928C4C75F004AD987 /* Release */ = {
			isa = XCBuildConfiguration;
			buildSettings = {
				ALWAYS_SEARCH_USER_PATHS = NO;
				CLANG_ANALYZER_NONNULL = YES;
				CLANG_ANALYZER_NUMBER_OBJECT_CONVERSION = YES_AGGRESSIVE;
				CLANG_CXX_LANGUAGE_STANDARD = "gnu++17";
				CLANG_ENABLE_MODULES = YES;
				CLANG_ENABLE_OBJC_ARC = YES;
				CLANG_ENABLE_OBJC_WEAK = YES;
				CLANG_WARN_BLOCK_CAPTURE_AUTORELEASING = YES;
				CLANG_WARN_BOOL_CONVERSION = YES;
				CLANG_WARN_COMMA = YES;
				CLANG_WARN_CONSTANT_CONVERSION = YES;
				CLANG_WARN_DEPRECATED_OBJC_IMPLEMENTATIONS = YES;
				CLANG_WARN_DIRECT_OBJC_ISA_USAGE = YES_ERROR;
				CLANG_WARN_DOCUMENTATION_COMMENTS = YES;
				CLANG_WARN_EMPTY_BODY = YES;
				CLANG_WARN_ENUM_CONVERSION = YES;
				CLANG_WARN_INFINITE_RECURSION = YES;
				CLANG_WARN_INT_CONVERSION = YES;
				CLANG_WARN_NON_LITERAL_NULL_CONVERSION = YES;
				CLANG_WARN_OBJC_IMPLICIT_RETAIN_SELF = YES;
				CLANG_WARN_OBJC_LITERAL_CONVERSION = YES;
				CLANG_WARN_OBJC_ROOT_CLASS = YES_ERROR;
				CLANG_WARN_QUOTED_INCLUDE_IN_FRAMEWORK_HEADER = YES;
				CLANG_WARN_RANGE_LOOP_ANALYSIS = YES;
				CLANG_WARN_STRICT_PROTOTYPES = YES;
				CLANG_WARN_SUSPICIOUS_MOVE = YES;
				CLANG_WARN_UNGUARDED_AVAILABILITY = YES_AGGRESSIVE;
				CLANG_WARN_UNREACHABLE_CODE = YES;
				CLANG_WARN__DUPLICATE_METHOD_MATCH = YES;
				COPY_PHASE_STRIP = NO;
				DEBUG_INFORMATION_FORMAT = "dwarf-with-dsym";
				ENABLE_NS_ASSERTIONS = NO;
				ENABLE_STRICT_OBJC_MSGSEND = YES;
				GCC_C_LANGUAGE_STANDARD = gnu11;
				GCC_NO_COMMON_BLOCKS = YES;
				GCC_WARN_64_TO_32_BIT_CONVERSION = YES;
				GCC_WARN_ABOUT_RETURN_TYPE = YES_ERROR;
				GCC_WARN_UNDECLARED_SELECTOR = YES;
				GCC_WARN_UNINITIALIZED_AUTOS = YES_AGGRESSIVE;
				GCC_WARN_UNUSED_FUNCTION = YES;
				GCC_WARN_UNUSED_VARIABLE = YES;
				IPHONEOS_DEPLOYMENT_TARGET = 15.5;
				MTL_ENABLE_DEBUG_INFO = NO;
				MTL_FAST_MATH = YES;
				SDKROOT = iphoneos;
				SWIFT_COMPILATION_MODE = wholemodule;
				SWIFT_OPTIMIZATION_LEVEL = "-O";
				VALIDATE_PRODUCT = YES;
			};
			name = Release;
		};
		47CE3C7B28C4C75F004AD987 /* Debug */ = {
			isa = XCBuildConfiguration;
			buildSettings = {
				ASSETCATALOG_COMPILER_APPICON_NAME = AppIcon;
				ASSETCATALOG_COMPILER_GLOBAL_ACCENT_COLOR_NAME = AccentColor;
				CODE_SIGN_STYLE = Automatic;
				CURRENT_PROJECT_VERSION = 1;
				DEVELOPMENT_ASSET_PATHS = "\"HeartBeatLive/Preview Content\"";
				DEVELOPMENT_TEAM = L9W73F7YG7;
				ENABLE_PREVIEWS = YES;
				GENERATE_INFOPLIST_FILE = YES;
				INFOPLIST_KEY_UIApplicationSceneManifest_Generation = YES;
				INFOPLIST_KEY_UIApplicationSupportsIndirectInputEvents = YES;
				INFOPLIST_KEY_UILaunchScreen_Generation = YES;
				INFOPLIST_KEY_UISupportedInterfaceOrientations_iPad = "UIInterfaceOrientationPortrait UIInterfaceOrientationPortraitUpsideDown UIInterfaceOrientationLandscapeLeft UIInterfaceOrientationLandscapeRight";
				INFOPLIST_KEY_UISupportedInterfaceOrientations_iPhone = "UIInterfaceOrientationPortrait UIInterfaceOrientationLandscapeLeft UIInterfaceOrientationLandscapeRight";
				LD_RUNPATH_SEARCH_PATHS = (
					"$(inherited)",
					"@executable_path/Frameworks",
				);
				MARKETING_VERSION = 1.0;
				PRODUCT_BUNDLE_IDENTIFIER = com.munoon.HeartBeatLive;
				PRODUCT_NAME = "$(TARGET_NAME)";
				SWIFT_EMIT_LOC_STRINGS = YES;
				SWIFT_VERSION = 5.0;
				TARGETED_DEVICE_FAMILY = "1,2";
			};
			name = Debug;
		};
		47CE3C7C28C4C75F004AD987 /* Release */ = {
			isa = XCBuildConfiguration;
			buildSettings = {
				ASSETCATALOG_COMPILER_APPICON_NAME = AppIcon;
				ASSETCATALOG_COMPILER_GLOBAL_ACCENT_COLOR_NAME = AccentColor;
				CODE_SIGN_STYLE = Automatic;
				CURRENT_PROJECT_VERSION = 1;
				DEVELOPMENT_ASSET_PATHS = "\"HeartBeatLive/Preview Content\"";
				DEVELOPMENT_TEAM = L9W73F7YG7;
				ENABLE_PREVIEWS = YES;
				GENERATE_INFOPLIST_FILE = YES;
				INFOPLIST_KEY_UIApplicationSceneManifest_Generation = YES;
				INFOPLIST_KEY_UIApplicationSupportsIndirectInputEvents = YES;
				INFOPLIST_KEY_UILaunchScreen_Generation = YES;
				INFOPLIST_KEY_UISupportedInterfaceOrientations_iPad = "UIInterfaceOrientationPortrait UIInterfaceOrientationPortraitUpsideDown UIInterfaceOrientationLandscapeLeft UIInterfaceOrientationLandscapeRight";
				INFOPLIST_KEY_UISupportedInterfaceOrientations_iPhone = "UIInterfaceOrientationPortrait UIInterfaceOrientationLandscapeLeft UIInterfaceOrientationLandscapeRight";
				LD_RUNPATH_SEARCH_PATHS = (
					"$(inherited)",
					"@executable_path/Frameworks",
				);
				MARKETING_VERSION = 1.0;
				PRODUCT_BUNDLE_IDENTIFIER = com.munoon.HeartBeatLive;
				PRODUCT_NAME = "$(TARGET_NAME)";
				SWIFT_EMIT_LOC_STRINGS = YES;
				SWIFT_VERSION = 5.0;
				TARGETED_DEVICE_FAMILY = "1,2";
			};
			name = Release;
		};
		47CE3C7E28C4C75F004AD987 /* Debug */ = {
			isa = XCBuildConfiguration;
			buildSettings = {
				ALWAYS_EMBED_SWIFT_STANDARD_LIBRARIES = YES;
				BUNDLE_LOADER = "$(TEST_HOST)";
				CODE_SIGN_STYLE = Automatic;
				CURRENT_PROJECT_VERSION = 1;
				DEVELOPMENT_TEAM = L9W73F7YG7;
				GENERATE_INFOPLIST_FILE = YES;
				IPHONEOS_DEPLOYMENT_TARGET = 15.5;
				MARKETING_VERSION = 1.0;
				PRODUCT_BUNDLE_IDENTIFIER = com.munoon.HeartBeatLiveTests;
				PRODUCT_NAME = "$(TARGET_NAME)";
				SWIFT_EMIT_LOC_STRINGS = NO;
				SWIFT_VERSION = 5.0;
				TARGETED_DEVICE_FAMILY = "1,2";
				TEST_HOST = "$(BUILT_PRODUCTS_DIR)/HeartBeatLive.app/HeartBeatLive";
			};
			name = Debug;
		};
		47CE3C7F28C4C75F004AD987 /* Release */ = {
			isa = XCBuildConfiguration;
			buildSettings = {
				ALWAYS_EMBED_SWIFT_STANDARD_LIBRARIES = YES;
				BUNDLE_LOADER = "$(TEST_HOST)";
				CODE_SIGN_STYLE = Automatic;
				CURRENT_PROJECT_VERSION = 1;
				DEVELOPMENT_TEAM = L9W73F7YG7;
				GENERATE_INFOPLIST_FILE = YES;
				IPHONEOS_DEPLOYMENT_TARGET = 15.5;
				MARKETING_VERSION = 1.0;
				PRODUCT_BUNDLE_IDENTIFIER = com.munoon.HeartBeatLiveTests;
				PRODUCT_NAME = "$(TARGET_NAME)";
				SWIFT_EMIT_LOC_STRINGS = NO;
				SWIFT_VERSION = 5.0;
				TARGETED_DEVICE_FAMILY = "1,2";
				TEST_HOST = "$(BUILT_PRODUCTS_DIR)/HeartBeatLive.app/HeartBeatLive";
			};
			name = Release;
		};
		47CE3C8128C4C75F004AD987 /* Debug */ = {
			isa = XCBuildConfiguration;
			buildSettings = {
				ALWAYS_EMBED_SWIFT_STANDARD_LIBRARIES = YES;
				CODE_SIGN_STYLE = Automatic;
				CURRENT_PROJECT_VERSION = 1;
				DEVELOPMENT_TEAM = L9W73F7YG7;
				GENERATE_INFOPLIST_FILE = YES;
				MARKETING_VERSION = 1.0;
				PRODUCT_BUNDLE_IDENTIFIER = com.munoon.HeartBeatLiveUITests;
				PRODUCT_NAME = "$(TARGET_NAME)";
				SWIFT_EMIT_LOC_STRINGS = NO;
				SWIFT_VERSION = 5.0;
				TARGETED_DEVICE_FAMILY = "1,2";
				TEST_TARGET_NAME = HeartBeatLive;
			};
			name = Debug;
		};
		47CE3C8228C4C75F004AD987 /* Release */ = {
			isa = XCBuildConfiguration;
			buildSettings = {
				ALWAYS_EMBED_SWIFT_STANDARD_LIBRARIES = YES;
				CODE_SIGN_STYLE = Automatic;
				CURRENT_PROJECT_VERSION = 1;
				DEVELOPMENT_TEAM = L9W73F7YG7;
				GENERATE_INFOPLIST_FILE = YES;
				MARKETING_VERSION = 1.0;
				PRODUCT_BUNDLE_IDENTIFIER = com.munoon.HeartBeatLiveUITests;
				PRODUCT_NAME = "$(TARGET_NAME)";
				SWIFT_EMIT_LOC_STRINGS = NO;
				SWIFT_VERSION = 5.0;
				TARGETED_DEVICE_FAMILY = "1,2";
				TEST_TARGET_NAME = HeartBeatLive;
			};
			name = Release;
		};
/* End XCBuildConfiguration section */

/* Begin XCConfigurationList section */
		47CE3C5128C4C75B004AD987 /* Build configuration list for PBXProject "HeartBeatLive" */ = {
			isa = XCConfigurationList;
			buildConfigurations = (
				47CE3C7828C4C75F004AD987 /* Debug */,
				47CE3C7928C4C75F004AD987 /* Release */,
			);
			defaultConfigurationIsVisible = 0;
			defaultConfigurationName = Release;
		};
		47CE3C7A28C4C75F004AD987 /* Build configuration list for PBXNativeTarget "HeartBeatLive" */ = {
			isa = XCConfigurationList;
			buildConfigurations = (
				47CE3C7B28C4C75F004AD987 /* Debug */,
				47CE3C7C28C4C75F004AD987 /* Release */,
			);
			defaultConfigurationIsVisible = 0;
			defaultConfigurationName = Release;
		};
		47CE3C7D28C4C75F004AD987 /* Build configuration list for PBXNativeTarget "HeartBeatLiveTests" */ = {
			isa = XCConfigurationList;
			buildConfigurations = (
				47CE3C7E28C4C75F004AD987 /* Debug */,
				47CE3C7F28C4C75F004AD987 /* Release */,
			);
			defaultConfigurationIsVisible = 0;
			defaultConfigurationName = Release;
		};
		47CE3C8028C4C75F004AD987 /* Build configuration list for PBXNativeTarget "HeartBeatLiveUITests" */ = {
			isa = XCConfigurationList;
			buildConfigurations = (
				47CE3C8128C4C75F004AD987 /* Debug */,
				47CE3C8228C4C75F004AD987 /* Release */,
			);
			defaultConfigurationIsVisible = 0;
			defaultConfigurationName = Release;
		};
/* End XCConfigurationList section */
	};
	rootObject = 47CE3C4E28C4C75B004AD987 /* Project object */;
}
