// !$*UTF8*$!
{
	archiveVersion = 1;
	classes = {
	};
	objectVersion = 55;
	objects = {

/* Begin PBXBuildFile section */
		1AA325491C038ABCB33C72F8 /* Pods_HeartBeatLive_HeartBeatLiveUITests.framework in Frameworks */ = {isa = PBXBuildFile; fileRef = D97CA998558490D9602327D5 /* Pods_HeartBeatLive_HeartBeatLiveUITests.framework */; };
		44A1AE54F43BE9E6B0A5E73E /* Pods_HeartBeatLiveTests.framework in Frameworks */ = {isa = PBXBuildFile; fileRef = BE4684A1BFB4397599B47FBF /* Pods_HeartBeatLiveTests.framework */; };
		47CE3C5A28C4C75B004AD987 /* HeartBeatLiveApp.swift in Sources */ = {isa = PBXBuildFile; fileRef = 47CE3C5928C4C75B004AD987 /* HeartBeatLiveApp.swift */; };
		47CE3C5E28C4C75E004AD987 /* Assets.xcassets in Resources */ = {isa = PBXBuildFile; fileRef = 47CE3C5D28C4C75E004AD987 /* Assets.xcassets */; };
		47CE3C6128C4C75E004AD987 /* Preview Assets.xcassets in Resources */ = {isa = PBXBuildFile; fileRef = 47CE3C6028C4C75E004AD987 /* Preview Assets.xcassets */; };
		47CE3C7528C4C75F004AD987 /* HeartBeatLiveUITests.swift in Sources */ = {isa = PBXBuildFile; fileRef = 47CE3C7428C4C75F004AD987 /* HeartBeatLiveUITests.swift */; };
		47CE3C7728C4C75F004AD987 /* HeartBeatLiveUITestsLaunchTests.swift in Sources */ = {isa = PBXBuildFile; fileRef = 47CE3C7628C4C75F004AD987 /* HeartBeatLiveUITestsLaunchTests.swift */; };
		47CE3C8828C4C9F7004AD987 /* CustomColors.swift in Sources */ = {isa = PBXBuildFile; fileRef = 47CE3C8728C4C9F7004AD987 /* CustomColors.swift */; };
		47CE3C9128C4CD4E004AD987 /* ContentView.swift in Sources */ = {isa = PBXBuildFile; fileRef = 47CE3C9028C4CD4E004AD987 /* ContentView.swift */; };
		47CE3C9728C4D314004AD987 /* HeartRateAnimation.swift in Sources */ = {isa = PBXBuildFile; fileRef = 47CE3C9628C4D314004AD987 /* HeartRateAnimation.swift */; };
		47CE3C9928C4D6F0004AD987 /* HeartRateAnimation.json in Resources */ = {isa = PBXBuildFile; fileRef = 47CE3C9828C4D6F0004AD987 /* HeartRateAnimation.json */; };
		47CE3C9C28C4DC40004AD987 /* CheckEmailReserved.graphql in Resources */ = {isa = PBXBuildFile; fileRef = 47CE3C9B28C4DC40004AD987 /* CheckEmailReserved.graphql */; };
		47CE3C9F28C4DDB4004AD987 /* ApiClient.swift in Sources */ = {isa = PBXBuildFile; fileRef = 47CE3C9E28C4DDB4004AD987 /* ApiClient.swift */; };
		47CE3CA128C4DFDA004AD987 /* API.swift in Sources */ = {isa = PBXBuildFile; fileRef = 47CE3CA028C4DFDA004AD987 /* API.swift */; };
		47CE3CA728C4E4A4004AD987 /* Config.swift in Sources */ = {isa = PBXBuildFile; fileRef = 47CE3CA628C4E4A4004AD987 /* Config.swift */; };
		47CE3CA928C4EA4B004AD987 /* README.md in Resources */ = {isa = PBXBuildFile; fileRef = 47CE3CA828C4EA4B004AD987 /* README.md */; };
		47CE3CAC28C4EB0C004AD987 /* ConfigTest.swift in Sources */ = {isa = PBXBuildFile; fileRef = 47CE3CAB28C4EB0C004AD987 /* ConfigTest.swift */; };
		47CE3CAF28C4EC60004AD987 /* ApiClientTest.swift in Sources */ = {isa = PBXBuildFile; fileRef = 47CE3CAE28C4EC60004AD987 /* ApiClientTest.swift */; };
		AB1B50C65D4745589CF01CBD /* Pods_HeartBeatLive.framework in Frameworks */ = {isa = PBXBuildFile; fileRef = CF433BFD1FD268D3DD3A2013 /* Pods_HeartBeatLive.framework */; };
/* End PBXBuildFile section */

/* Begin PBXContainerItemProxy section */
		47CE3C6728C4C75F004AD987 /* PBXContainerItemProxy */ = {
			isa = PBXContainerItemProxy;
			containerPortal = 47CE3C4E28C4C75B004AD987 /* Project object */;
			proxyType = 1;
			remoteGlobalIDString = 47CE3C5528C4C75B004AD987;
			remoteInfo = HeartBeatLive;
		};
		47CE3C7128C4C75F004AD987 /* PBXContainerItemProxy */ = {
			isa = PBXContainerItemProxy;
			containerPortal = 47CE3C4E28C4C75B004AD987 /* Project object */;
			proxyType = 1;
			remoteGlobalIDString = 47CE3C5528C4C75B004AD987;
			remoteInfo = HeartBeatLive;
		};
/* End PBXContainerItemProxy section */

/* Begin PBXFileReference section */
		21B36427797905C480AB2537 /* Pods-HeartBeatLiveTests.release.xcconfig */ = {isa = PBXFileReference; includeInIndex = 1; lastKnownFileType = text.xcconfig; name = "Pods-HeartBeatLiveTests.release.xcconfig"; path = "Target Support Files/Pods-HeartBeatLiveTests/Pods-HeartBeatLiveTests.release.xcconfig"; sourceTree = "<group>"; };
		23578360FBA27B978E40A3DF /* Pods-HeartBeatLive-HeartBeatLiveUITests.debug.xcconfig */ = {isa = PBXFileReference; includeInIndex = 1; lastKnownFileType = text.xcconfig; name = "Pods-HeartBeatLive-HeartBeatLiveUITests.debug.xcconfig"; path = "Target Support Files/Pods-HeartBeatLive-HeartBeatLiveUITests/Pods-HeartBeatLive-HeartBeatLiveUITests.debug.xcconfig"; sourceTree = "<group>"; };
		324AA201F0B907174DB8D615 /* Pods-HeartBeatLive.debug.xcconfig */ = {isa = PBXFileReference; includeInIndex = 1; lastKnownFileType = text.xcconfig; name = "Pods-HeartBeatLive.debug.xcconfig"; path = "Target Support Files/Pods-HeartBeatLive/Pods-HeartBeatLive.debug.xcconfig"; sourceTree = "<group>"; };
		47CE3C5628C4C75B004AD987 /* HeartBeatLive.app */ = {isa = PBXFileReference; explicitFileType = wrapper.application; includeInIndex = 0; path = HeartBeatLive.app; sourceTree = BUILT_PRODUCTS_DIR; };
		47CE3C5928C4C75B004AD987 /* HeartBeatLiveApp.swift */ = {isa = PBXFileReference; lastKnownFileType = sourcecode.swift; path = HeartBeatLiveApp.swift; sourceTree = "<group>"; };
		47CE3C5D28C4C75E004AD987 /* Assets.xcassets */ = {isa = PBXFileReference; lastKnownFileType = folder.assetcatalog; path = Assets.xcassets; sourceTree = "<group>"; };
		47CE3C6028C4C75E004AD987 /* Preview Assets.xcassets */ = {isa = PBXFileReference; lastKnownFileType = folder.assetcatalog; path = "Preview Assets.xcassets"; sourceTree = "<group>"; };
		47CE3C6628C4C75F004AD987 /* HeartBeatLiveTests.xctest */ = {isa = PBXFileReference; explicitFileType = wrapper.cfbundle; includeInIndex = 0; path = HeartBeatLiveTests.xctest; sourceTree = BUILT_PRODUCTS_DIR; };
		47CE3C7028C4C75F004AD987 /* HeartBeatLiveUITests.xctest */ = {isa = PBXFileReference; explicitFileType = wrapper.cfbundle; includeInIndex = 0; path = HeartBeatLiveUITests.xctest; sourceTree = BUILT_PRODUCTS_DIR; };
		47CE3C7428C4C75F004AD987 /* HeartBeatLiveUITests.swift */ = {isa = PBXFileReference; lastKnownFileType = sourcecode.swift; path = HeartBeatLiveUITests.swift; sourceTree = "<group>"; };
		47CE3C7628C4C75F004AD987 /* HeartBeatLiveUITestsLaunchTests.swift */ = {isa = PBXFileReference; lastKnownFileType = sourcecode.swift; path = HeartBeatLiveUITestsLaunchTests.swift; sourceTree = "<group>"; };
		47CE3C8728C4C9F7004AD987 /* CustomColors.swift */ = {isa = PBXFileReference; lastKnownFileType = sourcecode.swift; path = CustomColors.swift; sourceTree = "<group>"; };
		47CE3C9028C4CD4E004AD987 /* ContentView.swift */ = {isa = PBXFileReference; lastKnownFileType = sourcecode.swift; path = ContentView.swift; sourceTree = "<group>"; };
		47CE3C9328C4D082004AD987 /* Info.plist */ = {isa = PBXFileReference; lastKnownFileType = text.plist.xml; path = Info.plist; sourceTree = "<group>"; };
		47CE3C9628C4D314004AD987 /* HeartRateAnimation.swift */ = {isa = PBXFileReference; lastKnownFileType = sourcecode.swift; path = HeartRateAnimation.swift; sourceTree = "<group>"; };
		47CE3C9828C4D6F0004AD987 /* HeartRateAnimation.json */ = {isa = PBXFileReference; fileEncoding = 4; lastKnownFileType = text.json; path = HeartRateAnimation.json; sourceTree = "<group>"; };
		47CE3C9B28C4DC40004AD987 /* CheckEmailReserved.graphql */ = {isa = PBXFileReference; lastKnownFileType = text; path = CheckEmailReserved.graphql; sourceTree = "<group>"; };
		47CE3C9E28C4DDB4004AD987 /* ApiClient.swift */ = {isa = PBXFileReference; lastKnownFileType = sourcecode.swift; path = ApiClient.swift; sourceTree = "<group>"; };
		47CE3CA028C4DFDA004AD987 /* API.swift */ = {isa = PBXFileReference; fileEncoding = 4; lastKnownFileType = sourcecode.swift; path = API.swift; sourceTree = "<group>"; };
		47CE3CA428C4E2A4004AD987 /* Config.debug.xcconfig */ = {isa = PBXFileReference; lastKnownFileType = text.xcconfig; path = Config.debug.xcconfig; sourceTree = "<group>"; };
		47CE3CA528C4E455004AD987 /* Config.release.xcconfig */ = {isa = PBXFileReference; lastKnownFileType = text.xcconfig; path = Config.release.xcconfig; sourceTree = "<group>"; };
		47CE3CA628C4E4A4004AD987 /* Config.swift */ = {isa = PBXFileReference; lastKnownFileType = sourcecode.swift; path = Config.swift; sourceTree = "<group>"; };
		47CE3CA828C4EA4B004AD987 /* README.md */ = {isa = PBXFileReference; fileEncoding = 4; lastKnownFileType = net.daringfireball.markdown; path = README.md; sourceTree = "<group>"; };
		47CE3CAB28C4EB0C004AD987 /* ConfigTest.swift */ = {isa = PBXFileReference; lastKnownFileType = sourcecode.swift; path = ConfigTest.swift; sourceTree = "<group>"; };
		47CE3CAE28C4EC60004AD987 /* ApiClientTest.swift */ = {isa = PBXFileReference; lastKnownFileType = sourcecode.swift; path = ApiClientTest.swift; sourceTree = "<group>"; };
		601148F32DB27D49C7B39867 /* Pods-HeartBeatLive-HeartBeatLiveUITests.release.xcconfig */ = {isa = PBXFileReference; includeInIndex = 1; lastKnownFileType = text.xcconfig; name = "Pods-HeartBeatLive-HeartBeatLiveUITests.release.xcconfig"; path = "Target Support Files/Pods-HeartBeatLive-HeartBeatLiveUITests/Pods-HeartBeatLive-HeartBeatLiveUITests.release.xcconfig"; sourceTree = "<group>"; };
		8615BE3429C00E6BE9D01E53 /* Pods-HeartBeatLiveTests.debug.xcconfig */ = {isa = PBXFileReference; includeInIndex = 1; lastKnownFileType = text.xcconfig; name = "Pods-HeartBeatLiveTests.debug.xcconfig"; path = "Target Support Files/Pods-HeartBeatLiveTests/Pods-HeartBeatLiveTests.debug.xcconfig"; sourceTree = "<group>"; };
		B399354068AEA66D1A06055B /* Pods-HeartBeatLive.release.xcconfig */ = {isa = PBXFileReference; includeInIndex = 1; lastKnownFileType = text.xcconfig; name = "Pods-HeartBeatLive.release.xcconfig"; path = "Target Support Files/Pods-HeartBeatLive/Pods-HeartBeatLive.release.xcconfig"; sourceTree = "<group>"; };
		BE4684A1BFB4397599B47FBF /* Pods_HeartBeatLiveTests.framework */ = {isa = PBXFileReference; explicitFileType = wrapper.framework; includeInIndex = 0; path = Pods_HeartBeatLiveTests.framework; sourceTree = BUILT_PRODUCTS_DIR; };
		CF433BFD1FD268D3DD3A2013 /* Pods_HeartBeatLive.framework */ = {isa = PBXFileReference; explicitFileType = wrapper.framework; includeInIndex = 0; path = Pods_HeartBeatLive.framework; sourceTree = BUILT_PRODUCTS_DIR; };
		D97CA998558490D9602327D5 /* Pods_HeartBeatLive_HeartBeatLiveUITests.framework */ = {isa = PBXFileReference; explicitFileType = wrapper.framework; includeInIndex = 0; path = Pods_HeartBeatLive_HeartBeatLiveUITests.framework; sourceTree = BUILT_PRODUCTS_DIR; };
/* End PBXFileReference section */

/* Begin PBXFrameworksBuildPhase section */
		47CE3C5328C4C75B004AD987 /* Frameworks */ = {
			isa = PBXFrameworksBuildPhase;
			buildActionMask = 2147483647;
			files = (
				AB1B50C65D4745589CF01CBD /* Pods_HeartBeatLive.framework in Frameworks */,
			);
			runOnlyForDeploymentPostprocessing = 0;
		};
		47CE3C6328C4C75F004AD987 /* Frameworks */ = {
			isa = PBXFrameworksBuildPhase;
			buildActionMask = 2147483647;
			files = (
				44A1AE54F43BE9E6B0A5E73E /* Pods_HeartBeatLiveTests.framework in Frameworks */,
			);
			runOnlyForDeploymentPostprocessing = 0;
		};
		47CE3C6D28C4C75F004AD987 /* Frameworks */ = {
			isa = PBXFrameworksBuildPhase;
			buildActionMask = 2147483647;
			files = (
				1AA325491C038ABCB33C72F8 /* Pods_HeartBeatLive_HeartBeatLiveUITests.framework in Frameworks */,
			);
			runOnlyForDeploymentPostprocessing = 0;
		};
/* End PBXFrameworksBuildPhase section */

/* Begin PBXGroup section */
		47CE3C4D28C4C75B004AD987 = {
			isa = PBXGroup;
			children = (
				47CE3CA828C4EA4B004AD987 /* README.md */,
				47CE3CA528C4E455004AD987 /* Config.release.xcconfig */,
				47CE3CA428C4E2A4004AD987 /* Config.debug.xcconfig */,
				47CE3C5828C4C75B004AD987 /* HeartBeatLive */,
				47CE3C6928C4C75F004AD987 /* HeartBeatLiveTests */,
				47CE3C7328C4C75F004AD987 /* HeartBeatLiveUITests */,
				47CE3C5728C4C75B004AD987 /* Products */,
				D77EFA1A191105B36C032B6F /* Pods */,
				B1066E6302C4BBDD8342B421 /* Frameworks */,
			);
			sourceTree = "<group>";
		};
		47CE3C5728C4C75B004AD987 /* Products */ = {
			isa = PBXGroup;
			children = (
				47CE3C5628C4C75B004AD987 /* HeartBeatLive.app */,
				47CE3C6628C4C75F004AD987 /* HeartBeatLiveTests.xctest */,
				47CE3C7028C4C75F004AD987 /* HeartBeatLiveUITests.xctest */,
			);
			name = Products;
			sourceTree = "<group>";
		};
		47CE3C5828C4C75B004AD987 /* HeartBeatLive */ = {
			isa = PBXGroup;
			children = (
				47CE3C5928C4C75B004AD987 /* HeartBeatLiveApp.swift */,
				47CE3C8F28C4CD16004AD987 /* View */,
				47CE3C9D28C4DDA2004AD987 /* API */,
				47CE3C8D28C4CCFD004AD987 /* Utils */,
				47CE3C8E28C4CD09004AD987 /* Assets */,
				47CE3C5F28C4C75E004AD987 /* Preview Content */,
				47CE3C9328C4D082004AD987 /* Info.plist */,
				47CE3CA028C4DFDA004AD987 /* API.swift */,
			);
			path = HeartBeatLive;
			sourceTree = "<group>";
		};
		47CE3C5F28C4C75E004AD987 /* Preview Content */ = {
			isa = PBXGroup;
			children = (
				47CE3C6028C4C75E004AD987 /* Preview Assets.xcassets */,
			);
			path = "Preview Content";
			sourceTree = "<group>";
		};
		47CE3C6928C4C75F004AD987 /* HeartBeatLiveTests */ = {
			isa = PBXGroup;
			children = (
				47CE3CAD28C4EC52004AD987 /* API */,
				47CE3CAA28C4EAF9004AD987 /* Utils */,
			);
			path = HeartBeatLiveTests;
			sourceTree = "<group>";
		};
		47CE3C7328C4C75F004AD987 /* HeartBeatLiveUITests */ = {
			isa = PBXGroup;
			children = (
				47CE3C7428C4C75F004AD987 /* HeartBeatLiveUITests.swift */,
				47CE3C7628C4C75F004AD987 /* HeartBeatLiveUITestsLaunchTests.swift */,
			);
			path = HeartBeatLiveUITests;
			sourceTree = "<group>";
		};
		47CE3C8D28C4CCFD004AD987 /* Utils */ = {
			isa = PBXGroup;
			children = (
				47CE3C8728C4C9F7004AD987 /* CustomColors.swift */,
				47CE3CA628C4E4A4004AD987 /* Config.swift */,
			);
			path = Utils;
			sourceTree = "<group>";
		};
		47CE3C8E28C4CD09004AD987 /* Assets */ = {
			isa = PBXGroup;
			children = (
				47CE3C5D28C4C75E004AD987 /* Assets.xcassets */,
				47CE3C9828C4D6F0004AD987 /* HeartRateAnimation.json */,
			);
			path = Assets;
			sourceTree = "<group>";
		};
		47CE3C8F28C4CD16004AD987 /* View */ = {
			isa = PBXGroup;
			children = (
				47CE3C9528C4D304004AD987 /* Common */,
				47CE3C9028C4CD4E004AD987 /* ContentView.swift */,
			);
			path = View;
			sourceTree = "<group>";
		};
		47CE3C9528C4D304004AD987 /* Common */ = {
			isa = PBXGroup;
			children = (
				47CE3C9628C4D314004AD987 /* HeartRateAnimation.swift */,
			);
			path = Common;
			sourceTree = "<group>";
		};
		47CE3C9D28C4DDA2004AD987 /* API */ = {
			isa = PBXGroup;
			children = (
				47CE3C9E28C4DDB4004AD987 /* ApiClient.swift */,
				47CE3C9B28C4DC40004AD987 /* CheckEmailReserved.graphql */,
			);
			path = API;
			sourceTree = "<group>";
		};
		47CE3CAA28C4EAF9004AD987 /* Utils */ = {
			isa = PBXGroup;
			children = (
				47CE3CAB28C4EB0C004AD987 /* ConfigTest.swift */,
			);
			path = Utils;
			sourceTree = "<group>";
		};
		47CE3CAD28C4EC52004AD987 /* API */ = {
			isa = PBXGroup;
			children = (
				47CE3CAE28C4EC60004AD987 /* ApiClientTest.swift */,
			);
			path = API;
			sourceTree = "<group>";
		};
		B1066E6302C4BBDD8342B421 /* Frameworks */ = {
			isa = PBXGroup;
			children = (
				CF433BFD1FD268D3DD3A2013 /* Pods_HeartBeatLive.framework */,
				D97CA998558490D9602327D5 /* Pods_HeartBeatLive_HeartBeatLiveUITests.framework */,
				BE4684A1BFB4397599B47FBF /* Pods_HeartBeatLiveTests.framework */,
			);
			name = Frameworks;
			sourceTree = "<group>";
		};
		D77EFA1A191105B36C032B6F /* Pods */ = {
			isa = PBXGroup;
			children = (
				324AA201F0B907174DB8D615 /* Pods-HeartBeatLive.debug.xcconfig */,
				B399354068AEA66D1A06055B /* Pods-HeartBeatLive.release.xcconfig */,
				23578360FBA27B978E40A3DF /* Pods-HeartBeatLive-HeartBeatLiveUITests.debug.xcconfig */,
				601148F32DB27D49C7B39867 /* Pods-HeartBeatLive-HeartBeatLiveUITests.release.xcconfig */,
				8615BE3429C00E6BE9D01E53 /* Pods-HeartBeatLiveTests.debug.xcconfig */,
				21B36427797905C480AB2537 /* Pods-HeartBeatLiveTests.release.xcconfig */,
			);
			path = Pods;
			sourceTree = "<group>";
		};
/* End PBXGroup section */

/* Begin PBXNativeTarget section */
		47CE3C5528C4C75B004AD987 /* HeartBeatLive */ = {
			isa = PBXNativeTarget;
			buildConfigurationList = 47CE3C7A28C4C75F004AD987 /* Build configuration list for PBXNativeTarget "HeartBeatLive" */;
			buildPhases = (
				103F992A7E5EE8329E6CA4F5 /* [CP] Check Pods Manifest.lock */,
				47CE3C9228C4CEAB004AD987 /* Swift Lint */,
				47CE3C9A28C4D859004AD987 /* Build GraphQL client */,
				47CE3C5228C4C75B004AD987 /* Sources */,
				47CE3C5328C4C75B004AD987 /* Frameworks */,
				47CE3C5428C4C75B004AD987 /* Resources */,
				3AE7560CC8216D200CDEF431 /* [CP] Embed Pods Frameworks */,
			);
			buildRules = (
			);
			dependencies = (
			);
			name = HeartBeatLive;
			productName = HeartBeatLive;
			productReference = 47CE3C5628C4C75B004AD987 /* HeartBeatLive.app */;
			productType = "com.apple.product-type.application";
		};
		47CE3C6528C4C75F004AD987 /* HeartBeatLiveTests */ = {
			isa = PBXNativeTarget;
			buildConfigurationList = 47CE3C7D28C4C75F004AD987 /* Build configuration list for PBXNativeTarget "HeartBeatLiveTests" */;
			buildPhases = (
				22AB66872AFBCF2EB676296B /* [CP] Check Pods Manifest.lock */,
				47CE3C6228C4C75F004AD987 /* Sources */,
				47CE3C6328C4C75F004AD987 /* Frameworks */,
				47CE3C6428C4C75F004AD987 /* Resources */,
			);
			buildRules = (
			);
			dependencies = (
				47CE3C6828C4C75F004AD987 /* PBXTargetDependency */,
			);
			name = HeartBeatLiveTests;
			productName = HeartBeatLiveTests;
			productReference = 47CE3C6628C4C75F004AD987 /* HeartBeatLiveTests.xctest */;
			productType = "com.apple.product-type.bundle.unit-test";
		};
		47CE3C6F28C4C75F004AD987 /* HeartBeatLiveUITests */ = {
			isa = PBXNativeTarget;
			buildConfigurationList = 47CE3C8028C4C75F004AD987 /* Build configuration list for PBXNativeTarget "HeartBeatLiveUITests" */;
			buildPhases = (
				E5E8D766D3460601B50B3E6E /* [CP] Check Pods Manifest.lock */,
				47CE3C6C28C4C75F004AD987 /* Sources */,
				47CE3C6D28C4C75F004AD987 /* Frameworks */,
				47CE3C6E28C4C75F004AD987 /* Resources */,
				3223CC21E700782F3C11222E /* [CP] Embed Pods Frameworks */,
			);
			buildRules = (
			);
			dependencies = (
				47CE3C7228C4C75F004AD987 /* PBXTargetDependency */,
			);
			name = HeartBeatLiveUITests;
			productName = HeartBeatLiveUITests;
			productReference = 47CE3C7028C4C75F004AD987 /* HeartBeatLiveUITests.xctest */;
			productType = "com.apple.product-type.bundle.ui-testing";
		};
/* End PBXNativeTarget section */

/* Begin PBXProject section */
		47CE3C4E28C4C75B004AD987 /* Project object */ = {
			isa = PBXProject;
			attributes = {
				BuildIndependentTargetsInParallel = 1;
				LastSwiftUpdateCheck = 1340;
				LastUpgradeCheck = 1340;
				TargetAttributes = {
					47CE3C5528C4C75B004AD987 = {
						CreatedOnToolsVersion = 13.4.1;
					};
					47CE3C6528C4C75F004AD987 = {
						CreatedOnToolsVersion = 13.4.1;
						TestTargetID = 47CE3C5528C4C75B004AD987;
					};
					47CE3C6F28C4C75F004AD987 = {
						CreatedOnToolsVersion = 13.4.1;
						TestTargetID = 47CE3C5528C4C75B004AD987;
					};
				};
			};
			buildConfigurationList = 47CE3C5128C4C75B004AD987 /* Build configuration list for PBXProject "HeartBeatLive" */;
			compatibilityVersion = "Xcode 13.0";
			developmentRegion = en;
			hasScannedForEncodings = 0;
			knownRegions = (
				en,
				Base,
			);
			mainGroup = 47CE3C4D28C4C75B004AD987;
			productRefGroup = 47CE3C5728C4C75B004AD987 /* Products */;
			projectDirPath = "";
			projectRoot = "";
			targets = (
				47CE3C5528C4C75B004AD987 /* HeartBeatLive */,
				47CE3C6528C4C75F004AD987 /* HeartBeatLiveTests */,
				47CE3C6F28C4C75F004AD987 /* HeartBeatLiveUITests */,
			);
		};
/* End PBXProject section */

/* Begin PBXResourcesBuildPhase section */
		47CE3C5428C4C75B004AD987 /* Resources */ = {
			isa = PBXResourcesBuildPhase;
			buildActionMask = 2147483647;
			files = (
				47CE3C6128C4C75E004AD987 /* Preview Assets.xcassets in Resources */,
				47CE3C9C28C4DC40004AD987 /* CheckEmailReserved.graphql in Resources */,
				47CE3CA928C4EA4B004AD987 /* README.md in Resources */,
				47CE3C5E28C4C75E004AD987 /* Assets.xcassets in Resources */,
				47CE3C9928C4D6F0004AD987 /* HeartRateAnimation.json in Resources */,
			);
			runOnlyForDeploymentPostprocessing = 0;
		};
		47CE3C6428C4C75F004AD987 /* Resources */ = {
			isa = PBXResourcesBuildPhase;
			buildActionMask = 2147483647;
			files = (
			);
			runOnlyForDeploymentPostprocessing = 0;
		};
		47CE3C6E28C4C75F004AD987 /* Resources */ = {
			isa = PBXResourcesBuildPhase;
			buildActionMask = 2147483647;
			files = (
			);
			runOnlyForDeploymentPostprocessing = 0;
		};
/* End PBXResourcesBuildPhase section */

/* Begin PBXShellScriptBuildPhase section */
		103F992A7E5EE8329E6CA4F5 /* [CP] Check Pods Manifest.lock */ = {
			isa = PBXShellScriptBuildPhase;
			buildActionMask = 2147483647;
			files = (
			);
			inputFileListPaths = (
			);
			inputPaths = (
				"${PODS_PODFILE_DIR_PATH}/Podfile.lock",
				"${PODS_ROOT}/Manifest.lock",
			);
			name = "[CP] Check Pods Manifest.lock";
			outputFileListPaths = (
			);
			outputPaths = (
				"$(DERIVED_FILE_DIR)/Pods-HeartBeatLive-checkManifestLockResult.txt",
			);
			runOnlyForDeploymentPostprocessing = 0;
			shellPath = /bin/sh;
			shellScript = "diff \"${PODS_PODFILE_DIR_PATH}/Podfile.lock\" \"${PODS_ROOT}/Manifest.lock\" > /dev/null\nif [ $? != 0 ] ; then\n    # print error to STDERR\n    echo \"error: The sandbox is not in sync with the Podfile.lock. Run 'pod install' or update your CocoaPods installation.\" >&2\n    exit 1\nfi\n# This output is used by Xcode 'outputs' to avoid re-running this script phase.\necho \"SUCCESS\" > \"${SCRIPT_OUTPUT_FILE_0}\"\n";
			showEnvVarsInLog = 0;
		};
		22AB66872AFBCF2EB676296B /* [CP] Check Pods Manifest.lock */ = {
			isa = PBXShellScriptBuildPhase;
			buildActionMask = 2147483647;
			files = (
			);
			inputFileListPaths = (
			);
			inputPaths = (
				"${PODS_PODFILE_DIR_PATH}/Podfile.lock",
				"${PODS_ROOT}/Manifest.lock",
			);
			name = "[CP] Check Pods Manifest.lock";
			outputFileListPaths = (
			);
			outputPaths = (
				"$(DERIVED_FILE_DIR)/Pods-HeartBeatLiveTests-checkManifestLockResult.txt",
			);
			runOnlyForDeploymentPostprocessing = 0;
			shellPath = /bin/sh;
			shellScript = "diff \"${PODS_PODFILE_DIR_PATH}/Podfile.lock\" \"${PODS_ROOT}/Manifest.lock\" > /dev/null\nif [ $? != 0 ] ; then\n    # print error to STDERR\n    echo \"error: The sandbox is not in sync with the Podfile.lock. Run 'pod install' or update your CocoaPods installation.\" >&2\n    exit 1\nfi\n# This output is used by Xcode 'outputs' to avoid re-running this script phase.\necho \"SUCCESS\" > \"${SCRIPT_OUTPUT_FILE_0}\"\n";
			showEnvVarsInLog = 0;
		};
		3223CC21E700782F3C11222E /* [CP] Embed Pods Frameworks */ = {
			isa = PBXShellScriptBuildPhase;
			buildActionMask = 2147483647;
			files = (
			);
			inputFileListPaths = (
				"${PODS_ROOT}/Target Support Files/Pods-HeartBeatLive-HeartBeatLiveUITests/Pods-HeartBeatLive-HeartBeatLiveUITests-frameworks-${CONFIGURATION}-input-files.xcfilelist",
			);
			name = "[CP] Embed Pods Frameworks";
			outputFileListPaths = (
				"${PODS_ROOT}/Target Support Files/Pods-HeartBeatLive-HeartBeatLiveUITests/Pods-HeartBeatLive-HeartBeatLiveUITests-frameworks-${CONFIGURATION}-output-files.xcfilelist",
			);
			runOnlyForDeploymentPostprocessing = 0;
			shellPath = /bin/sh;
			shellScript = "\"${PODS_ROOT}/Target Support Files/Pods-HeartBeatLive-HeartBeatLiveUITests/Pods-HeartBeatLive-HeartBeatLiveUITests-frameworks.sh\"\n";
			showEnvVarsInLog = 0;
		};
		3AE7560CC8216D200CDEF431 /* [CP] Embed Pods Frameworks */ = {
			isa = PBXShellScriptBuildPhase;
			buildActionMask = 2147483647;
			files = (
			);
			inputFileListPaths = (
				"${PODS_ROOT}/Target Support Files/Pods-HeartBeatLive/Pods-HeartBeatLive-frameworks-${CONFIGURATION}-input-files.xcfilelist",
			);
			name = "[CP] Embed Pods Frameworks";
			outputFileListPaths = (
				"${PODS_ROOT}/Target Support Files/Pods-HeartBeatLive/Pods-HeartBeatLive-frameworks-${CONFIGURATION}-output-files.xcfilelist",
			);
			runOnlyForDeploymentPostprocessing = 0;
			shellPath = /bin/sh;
			shellScript = "\"${PODS_ROOT}/Target Support Files/Pods-HeartBeatLive/Pods-HeartBeatLive-frameworks.sh\"\n";
			showEnvVarsInLog = 0;
		};
		47CE3C9228C4CEAB004AD987 /* Swift Lint */ = {
			isa = PBXShellScriptBuildPhase;
			buildActionMask = 2147483647;
			files = (
			);
			inputFileListPaths = (
			);
			inputPaths = (
			);
			name = "Swift Lint";
			outputFileListPaths = (
			);
			outputPaths = (
			);
			runOnlyForDeploymentPostprocessing = 0;
			shellPath = /bin/sh;
			shellScript = "if which \"${PODS_ROOT}/SwiftLint/swiftlint\" > /dev/null; then\n  \"${PODS_ROOT}/SwiftLint/swiftlint\"\nelse\n  echo \"warning: SwiftLint not installed, run 'pod install' to install all required dependencies including SwiftLint.\"\nfi\n";
		};
		47CE3C9A28C4D859004AD987 /* Build GraphQL client */ = {
			isa = PBXShellScriptBuildPhase;
			buildActionMask = 2147483647;
			files = (
			);
			inputFileListPaths = (
			);
			inputPaths = (
			);
			name = "Build GraphQL client";
			outputFileListPaths = (
			);
			outputPaths = (
			);
			runOnlyForDeploymentPostprocessing = 0;
			shellPath = /bin/sh;
			shellScript = "if [ $ACTION = \"indexbuild\" ]; then exit 0; fi\n\nSCRIPT_PATH=\"${PODS_ROOT}/Apollo/scripts\"\nSERVER_ENDPOINT=\"${SERVER_SCHEME}://${SERVER_HOST}/graphql\"\ncd \"${SRCROOT}/${TARGET_NAME}\"\n\"${SCRIPT_PATH}\"/run-bundled-codegen.sh schema:download --endpoint=$SERVER_ENDPOINT schema.json\n\"${SCRIPT_PATH}\"/run-bundled-codegen.sh codegen:generate --target=swift --includes=./**/*.graphql --localSchemaFile=\"schema.json\" API.swift\n";
		};
		E5E8D766D3460601B50B3E6E /* [CP] Check Pods Manifest.lock */ = {
			isa = PBXShellScriptBuildPhase;
			buildActionMask = 2147483647;
			files = (
			);
			inputFileListPaths = (
			);
			inputPaths = (
				"${PODS_PODFILE_DIR_PATH}/Podfile.lock",
				"${PODS_ROOT}/Manifest.lock",
			);
			name = "[CP] Check Pods Manifest.lock";
			outputFileListPaths = (
			);
			outputPaths = (
				"$(DERIVED_FILE_DIR)/Pods-HeartBeatLive-HeartBeatLiveUITests-checkManifestLockResult.txt",
			);
			runOnlyForDeploymentPostprocessing = 0;
			shellPath = /bin/sh;
			shellScript = "diff \"${PODS_PODFILE_DIR_PATH}/Podfile.lock\" \"${PODS_ROOT}/Manifest.lock\" > /dev/null\nif [ $? != 0 ] ; then\n    # print error to STDERR\n    echo \"error: The sandbox is not in sync with the Podfile.lock. Run 'pod install' or update your CocoaPods installation.\" >&2\n    exit 1\nfi\n# This output is used by Xcode 'outputs' to avoid re-running this script phase.\necho \"SUCCESS\" > \"${SCRIPT_OUTPUT_FILE_0}\"\n";
			showEnvVarsInLog = 0;
		};
/* End PBXShellScriptBuildPhase section */

/* Begin PBXSourcesBuildPhase section */
		47CE3C5228C4C75B004AD987 /* Sources */ = {
			isa = PBXSourcesBuildPhase;
			buildActionMask = 2147483647;
			files = (
				47CE3C8828C4C9F7004AD987 /* CustomColors.swift in Sources */,
				47CE3C5A28C4C75B004AD987 /* HeartBeatLiveApp.swift in Sources */,
				47CE3C9128C4CD4E004AD987 /* ContentView.swift in Sources */,
				47CE3CA728C4E4A4004AD987 /* Config.swift in Sources */,
				47CE3C9728C4D314004AD987 /* HeartRateAnimation.swift in Sources */,
				47CE3CA128C4DFDA004AD987 /* API.swift in Sources */,
				47CE3C9F28C4DDB4004AD987 /* ApiClient.swift in Sources */,
			);
			runOnlyForDeploymentPostprocessing = 0;
		};
		47CE3C6228C4C75F004AD987 /* Sources */ = {
			isa = PBXSourcesBuildPhase;
			buildActionMask = 2147483647;
			files = (
				47CE3CAC28C4EB0C004AD987 /* ConfigTest.swift in Sources */,
				47CE3CAF28C4EC60004AD987 /* ApiClientTest.swift in Sources */,
			);
			runOnlyForDeploymentPostprocessing = 0;
		};
		47CE3C6C28C4C75F004AD987 /* Sources */ = {
			isa = PBXSourcesBuildPhase;
			buildActionMask = 2147483647;
			files = (
				47CE3C7528C4C75F004AD987 /* HeartBeatLiveUITests.swift in Sources */,
				47CE3C7728C4C75F004AD987 /* HeartBeatLiveUITestsLaunchTests.swift in Sources */,
			);
			runOnlyForDeploymentPostprocessing = 0;
		};
/* End PBXSourcesBuildPhase section */

/* Begin PBXTargetDependency section */
		47CE3C6828C4C75F004AD987 /* PBXTargetDependency */ = {
			isa = PBXTargetDependency;
			target = 47CE3C5528C4C75B004AD987 /* HeartBeatLive */;
			targetProxy = 47CE3C6728C4C75F004AD987 /* PBXContainerItemProxy */;
		};
		47CE3C7228C4C75F004AD987 /* PBXTargetDependency */ = {
			isa = PBXTargetDependency;
			target = 47CE3C5528C4C75B004AD987 /* HeartBeatLive */;
			targetProxy = 47CE3C7128C4C75F004AD987 /* PBXContainerItemProxy */;
		};
/* End PBXTargetDependency section */

/* Begin XCBuildConfiguration section */
		47CE3C7828C4C75F004AD987 /* Debug */ = {
			isa = XCBuildConfiguration;
			buildSettings = {
				ALWAYS_SEARCH_USER_PATHS = NO;
				CLANG_ANALYZER_NONNULL = YES;
				CLANG_ANALYZER_NUMBER_OBJECT_CONVERSION = YES_AGGRESSIVE;
				CLANG_CXX_LANGUAGE_STANDARD = "gnu++17";
				CLANG_ENABLE_MODULES = YES;
				CLANG_ENABLE_OBJC_ARC = YES;
				CLANG_ENABLE_OBJC_WEAK = YES;
				CLANG_WARN_BLOCK_CAPTURE_AUTORELEASING = YES;
				CLANG_WARN_BOOL_CONVERSION = YES;
				CLANG_WARN_COMMA = YES;
				CLANG_WARN_CONSTANT_CONVERSION = YES;
				CLANG_WARN_DEPRECATED_OBJC_IMPLEMENTATIONS = YES;
				CLANG_WARN_DIRECT_OBJC_ISA_USAGE = YES_ERROR;
				CLANG_WARN_DOCUMENTATION_COMMENTS = YES;
				CLANG_WARN_EMPTY_BODY = YES;
				CLANG_WARN_ENUM_CONVERSION = YES;
				CLANG_WARN_INFINITE_RECURSION = YES;
				CLANG_WARN_INT_CONVERSION = YES;
				CLANG_WARN_NON_LITERAL_NULL_CONVERSION = YES;
				CLANG_WARN_OBJC_IMPLICIT_RETAIN_SELF = YES;
				CLANG_WARN_OBJC_LITERAL_CONVERSION = YES;
				CLANG_WARN_OBJC_ROOT_CLASS = YES_ERROR;
				CLANG_WARN_QUOTED_INCLUDE_IN_FRAMEWORK_HEADER = YES;
				CLANG_WARN_RANGE_LOOP_ANALYSIS = YES;
				CLANG_WARN_STRICT_PROTOTYPES = YES;
				CLANG_WARN_SUSPICIOUS_MOVE = YES;
				CLANG_WARN_UNGUARDED_AVAILABILITY = YES_AGGRESSIVE;
				CLANG_WARN_UNREACHABLE_CODE = YES;
				CLANG_WARN__DUPLICATE_METHOD_MATCH = YES;
				COPY_PHASE_STRIP = NO;
				DEBUG_INFORMATION_FORMAT = dwarf;
				ENABLE_STRICT_OBJC_MSGSEND = YES;
				ENABLE_TESTABILITY = YES;
				GCC_C_LANGUAGE_STANDARD = gnu11;
				GCC_DYNAMIC_NO_PIC = NO;
				GCC_NO_COMMON_BLOCKS = YES;
				GCC_OPTIMIZATION_LEVEL = 0;
				GCC_PREPROCESSOR_DEFINITIONS = (
					"DEBUG=1",
					"$(inherited)",
				);
				GCC_WARN_64_TO_32_BIT_CONVERSION = YES;
				GCC_WARN_ABOUT_RETURN_TYPE = YES_ERROR;
				GCC_WARN_UNDECLARED_SELECTOR = YES;
				GCC_WARN_UNINITIALIZED_AUTOS = YES_AGGRESSIVE;
				GCC_WARN_UNUSED_FUNCTION = YES;
				GCC_WARN_UNUSED_VARIABLE = YES;
				IPHONEOS_DEPLOYMENT_TARGET = 15.0;
				MTL_ENABLE_DEBUG_INFO = INCLUDE_SOURCE;
				MTL_FAST_MATH = YES;
				ONLY_ACTIVE_ARCH = YES;
				SDKROOT = iphoneos;
				SWIFT_ACTIVE_COMPILATION_CONDITIONS = DEBUG;
				SWIFT_OPTIMIZATION_LEVEL = "-Onone";
			};
			name = Debug;
		};
		47CE3C7928C4C75F004AD987 /* Release */ = {
			isa = XCBuildConfiguration;
			buildSettings = {
				ALWAYS_SEARCH_USER_PATHS = NO;
				CLANG_ANALYZER_NONNULL = YES;
				CLANG_ANALYZER_NUMBER_OBJECT_CONVERSION = YES_AGGRESSIVE;
				CLANG_CXX_LANGUAGE_STANDARD = "gnu++17";
				CLANG_ENABLE_MODULES = YES;
				CLANG_ENABLE_OBJC_ARC = YES;
				CLANG_ENABLE_OBJC_WEAK = YES;
				CLANG_WARN_BLOCK_CAPTURE_AUTORELEASING = YES;
				CLANG_WARN_BOOL_CONVERSION = YES;
				CLANG_WARN_COMMA = YES;
				CLANG_WARN_CONSTANT_CONVERSION = YES;
				CLANG_WARN_DEPRECATED_OBJC_IMPLEMENTATIONS = YES;
				CLANG_WARN_DIRECT_OBJC_ISA_USAGE = YES_ERROR;
				CLANG_WARN_DOCUMENTATION_COMMENTS = YES;
				CLANG_WARN_EMPTY_BODY = YES;
				CLANG_WARN_ENUM_CONVERSION = YES;
				CLANG_WARN_INFINITE_RECURSION = YES;
				CLANG_WARN_INT_CONVERSION = YES;
				CLANG_WARN_NON_LITERAL_NULL_CONVERSION = YES;
				CLANG_WARN_OBJC_IMPLICIT_RETAIN_SELF = YES;
				CLANG_WARN_OBJC_LITERAL_CONVERSION = YES;
				CLANG_WARN_OBJC_ROOT_CLASS = YES_ERROR;
				CLANG_WARN_QUOTED_INCLUDE_IN_FRAMEWORK_HEADER = YES;
				CLANG_WARN_RANGE_LOOP_ANALYSIS = YES;
				CLANG_WARN_STRICT_PROTOTYPES = YES;
				CLANG_WARN_SUSPICIOUS_MOVE = YES;
				CLANG_WARN_UNGUARDED_AVAILABILITY = YES_AGGRESSIVE;
				CLANG_WARN_UNREACHABLE_CODE = YES;
				CLANG_WARN__DUPLICATE_METHOD_MATCH = YES;
				COPY_PHASE_STRIP = NO;
				DEBUG_INFORMATION_FORMAT = "dwarf-with-dsym";
				ENABLE_NS_ASSERTIONS = NO;
				ENABLE_STRICT_OBJC_MSGSEND = YES;
				GCC_C_LANGUAGE_STANDARD = gnu11;
				GCC_NO_COMMON_BLOCKS = YES;
				GCC_WARN_64_TO_32_BIT_CONVERSION = YES;
				GCC_WARN_ABOUT_RETURN_TYPE = YES_ERROR;
				GCC_WARN_UNDECLARED_SELECTOR = YES;
				GCC_WARN_UNINITIALIZED_AUTOS = YES_AGGRESSIVE;
				GCC_WARN_UNUSED_FUNCTION = YES;
				GCC_WARN_UNUSED_VARIABLE = YES;
				IPHONEOS_DEPLOYMENT_TARGET = 15.0;
				MTL_ENABLE_DEBUG_INFO = NO;
				MTL_FAST_MATH = YES;
				SDKROOT = iphoneos;
				SWIFT_COMPILATION_MODE = wholemodule;
				SWIFT_OPTIMIZATION_LEVEL = "-O";
				VALIDATE_PRODUCT = YES;
			};
			name = Release;
		};
		47CE3C7B28C4C75F004AD987 /* Debug */ = {
			isa = XCBuildConfiguration;
			baseConfigurationReference = 47CE3CA428C4E2A4004AD987 /* Config.debug.xcconfig */;
			buildSettings = {
				ASSETCATALOG_COMPILER_APPICON_NAME = AppIcon;
				ASSETCATALOG_COMPILER_GLOBAL_ACCENT_COLOR_NAME = AccentColor;
				CODE_SIGN_STYLE = Automatic;
				CURRENT_PROJECT_VERSION = 1;
				DEVELOPMENT_ASSET_PATHS = "\"HeartBeatLive/Preview Content\"";
				DEVELOPMENT_TEAM = L9W73F7YG7;
				ENABLE_PREVIEWS = YES;
				GENERATE_INFOPLIST_FILE = YES;
				INFOPLIST_FILE = HeartBeatLive/Info.plist;
				INFOPLIST_KEY_CFBundleDisplayName = HeartBeatLive;
				INFOPLIST_KEY_UIApplicationSceneManifest_Generation = YES;
				INFOPLIST_KEY_UIApplicationSupportsIndirectInputEvents = YES;
				INFOPLIST_KEY_UILaunchScreen_Generation = YES;
				INFOPLIST_KEY_UIStatusBarHidden = NO;
				INFOPLIST_KEY_UISupportedInterfaceOrientations = UIInterfaceOrientationPortrait;
				INFOPLIST_KEY_UISupportedInterfaceOrientations_iPad = "UIInterfaceOrientationPortrait UIInterfaceOrientationPortraitUpsideDown UIInterfaceOrientationLandscapeLeft UIInterfaceOrientationLandscapeRight";
				INFOPLIST_KEY_UISupportedInterfaceOrientations_iPhone = "UIInterfaceOrientationPortrait UIInterfaceOrientationLandscapeLeft UIInterfaceOrientationLandscapeRight";
				IPHONEOS_DEPLOYMENT_TARGET = 15.0;
				LD_RUNPATH_SEARCH_PATHS = (
					"$(inherited)",
					"@executable_path/Frameworks",
				);
				MARKETING_VERSION = 1.0;
				PRODUCT_BUNDLE_IDENTIFIER = com.munoon.HeartBeatLive;
				PRODUCT_NAME = "$(TARGET_NAME)";
				SWIFT_EMIT_LOC_STRINGS = YES;
				SWIFT_VERSION = 5.0;
				TARGETED_DEVICE_FAMILY = 1;
			};
			name = Debug;
		};
		47CE3C7C28C4C75F004AD987 /* Release */ = {
			isa = XCBuildConfiguration;
			baseConfigurationReference = 47CE3CA528C4E455004AD987 /* Config.release.xcconfig */;
			buildSettings = {
				ASSETCATALOG_COMPILER_APPICON_NAME = AppIcon;
				ASSETCATALOG_COMPILER_GLOBAL_ACCENT_COLOR_NAME = AccentColor;
				CODE_SIGN_STYLE = Automatic;
				CURRENT_PROJECT_VERSION = 1;
				DEVELOPMENT_ASSET_PATHS = "\"HeartBeatLive/Preview Content\"";
				DEVELOPMENT_TEAM = L9W73F7YG7;
				ENABLE_PREVIEWS = YES;
				GENERATE_INFOPLIST_FILE = YES;
				INFOPLIST_FILE = HeartBeatLive/Info.plist;
				INFOPLIST_KEY_CFBundleDisplayName = HeartBeatLive;
				INFOPLIST_KEY_UIApplicationSceneManifest_Generation = YES;
				INFOPLIST_KEY_UIApplicationSupportsIndirectInputEvents = YES;
				INFOPLIST_KEY_UILaunchScreen_Generation = YES;
				INFOPLIST_KEY_UIStatusBarHidden = NO;
				INFOPLIST_KEY_UISupportedInterfaceOrientations = UIInterfaceOrientationPortrait;
				INFOPLIST_KEY_UISupportedInterfaceOrientations_iPad = "UIInterfaceOrientationPortrait UIInterfaceOrientationPortraitUpsideDown UIInterfaceOrientationLandscapeLeft UIInterfaceOrientationLandscapeRight";
				INFOPLIST_KEY_UISupportedInterfaceOrientations_iPhone = "UIInterfaceOrientationPortrait UIInterfaceOrientationLandscapeLeft UIInterfaceOrientationLandscapeRight";
				IPHONEOS_DEPLOYMENT_TARGET = 15.0;
				LD_RUNPATH_SEARCH_PATHS = (
					"$(inherited)",
					"@executable_path/Frameworks",
				);
				MARKETING_VERSION = 1.0;
				PRODUCT_BUNDLE_IDENTIFIER = com.munoon.HeartBeatLive;
				PRODUCT_NAME = "$(TARGET_NAME)";
				SWIFT_EMIT_LOC_STRINGS = YES;
				SWIFT_VERSION = 5.0;
				TARGETED_DEVICE_FAMILY = 1;
			};
			name = Release;
		};
		47CE3C7E28C4C75F004AD987 /* Debug */ = {
			isa = XCBuildConfiguration;
			baseConfigurationReference = 8615BE3429C00E6BE9D01E53 /* Pods-HeartBeatLiveTests.debug.xcconfig */;
			buildSettings = {
				ALWAYS_EMBED_SWIFT_STANDARD_LIBRARIES = YES;
				BUNDLE_LOADER = "$(TEST_HOST)";
				CODE_SIGN_STYLE = Automatic;
				CURRENT_PROJECT_VERSION = 1;
				DEVELOPMENT_TEAM = L9W73F7YG7;
				GENERATE_INFOPLIST_FILE = YES;
				IPHONEOS_DEPLOYMENT_TARGET = 15.5;
				MARKETING_VERSION = 1.0;
				PRODUCT_BUNDLE_IDENTIFIER = com.munoon.HeartBeatLiveTests;
				PRODUCT_NAME = "$(TARGET_NAME)";
				SWIFT_EMIT_LOC_STRINGS = NO;
				SWIFT_VERSION = 5.0;
				TARGETED_DEVICE_FAMILY = "1,2";
				TEST_HOST = "$(BUILT_PRODUCTS_DIR)/HeartBeatLive.app/HeartBeatLive";
			};
			name = Debug;
		};
		47CE3C7F28C4C75F004AD987 /* Release */ = {
			isa = XCBuildConfiguration;
			baseConfigurationReference = 21B36427797905C480AB2537 /* Pods-HeartBeatLiveTests.release.xcconfig */;
			buildSettings = {
				ALWAYS_EMBED_SWIFT_STANDARD_LIBRARIES = YES;
				BUNDLE_LOADER = "$(TEST_HOST)";
				CODE_SIGN_STYLE = Automatic;
				CURRENT_PROJECT_VERSION = 1;
				DEVELOPMENT_TEAM = L9W73F7YG7;
				GENERATE_INFOPLIST_FILE = YES;
				IPHONEOS_DEPLOYMENT_TARGET = 15.5;
				MARKETING_VERSION = 1.0;
				PRODUCT_BUNDLE_IDENTIFIER = com.munoon.HeartBeatLiveTests;
				PRODUCT_NAME = "$(TARGET_NAME)";
				SWIFT_EMIT_LOC_STRINGS = NO;
				SWIFT_VERSION = 5.0;
				TARGETED_DEVICE_FAMILY = "1,2";
				TEST_HOST = "$(BUILT_PRODUCTS_DIR)/HeartBeatLive.app/HeartBeatLive";
			};
			name = Release;
		};
		47CE3C8128C4C75F004AD987 /* Debug */ = {
			isa = XCBuildConfiguration;
			baseConfigurationReference = 23578360FBA27B978E40A3DF /* Pods-HeartBeatLive-HeartBeatLiveUITests.debug.xcconfig */;
			buildSettings = {
				ALWAYS_EMBED_SWIFT_STANDARD_LIBRARIES = YES;
				CODE_SIGN_STYLE = Automatic;
				CURRENT_PROJECT_VERSION = 1;
				DEVELOPMENT_TEAM = L9W73F7YG7;
				GENERATE_INFOPLIST_FILE = YES;
				MARKETING_VERSION = 1.0;
				PRODUCT_BUNDLE_IDENTIFIER = com.munoon.HeartBeatLiveUITests;
				PRODUCT_NAME = "$(TARGET_NAME)";
				SWIFT_EMIT_LOC_STRINGS = NO;
				SWIFT_VERSION = 5.0;
				TARGETED_DEVICE_FAMILY = "1,2";
				TEST_TARGET_NAME = HeartBeatLive;
			};
			name = Debug;
		};
		47CE3C8228C4C75F004AD987 /* Release */ = {
			isa = XCBuildConfiguration;
			baseConfigurationReference = 601148F32DB27D49C7B39867 /* Pods-HeartBeatLive-HeartBeatLiveUITests.release.xcconfig */;
			buildSettings = {
				ALWAYS_EMBED_SWIFT_STANDARD_LIBRARIES = YES;
				CODE_SIGN_STYLE = Automatic;
				CURRENT_PROJECT_VERSION = 1;
				DEVELOPMENT_TEAM = L9W73F7YG7;
				GENERATE_INFOPLIST_FILE = YES;
				MARKETING_VERSION = 1.0;
				PRODUCT_BUNDLE_IDENTIFIER = com.munoon.HeartBeatLiveUITests;
				PRODUCT_NAME = "$(TARGET_NAME)";
				SWIFT_EMIT_LOC_STRINGS = NO;
				SWIFT_VERSION = 5.0;
				TARGETED_DEVICE_FAMILY = "1,2";
				TEST_TARGET_NAME = HeartBeatLive;
			};
			name = Release;
		};
/* End XCBuildConfiguration section */

/* Begin XCConfigurationList section */
		47CE3C5128C4C75B004AD987 /* Build configuration list for PBXProject "HeartBeatLive" */ = {
			isa = XCConfigurationList;
			buildConfigurations = (
				47CE3C7828C4C75F004AD987 /* Debug */,
				47CE3C7928C4C75F004AD987 /* Release */,
			);
			defaultConfigurationIsVisible = 0;
			defaultConfigurationName = Release;
		};
		47CE3C7A28C4C75F004AD987 /* Build configuration list for PBXNativeTarget "HeartBeatLive" */ = {
			isa = XCConfigurationList;
			buildConfigurations = (
				47CE3C7B28C4C75F004AD987 /* Debug */,
				47CE3C7C28C4C75F004AD987 /* Release */,
			);
			defaultConfigurationIsVisible = 0;
			defaultConfigurationName = Release;
		};
		47CE3C7D28C4C75F004AD987 /* Build configuration list for PBXNativeTarget "HeartBeatLiveTests" */ = {
			isa = XCConfigurationList;
			buildConfigurations = (
				47CE3C7E28C4C75F004AD987 /* Debug */,
				47CE3C7F28C4C75F004AD987 /* Release */,
			);
			defaultConfigurationIsVisible = 0;
			defaultConfigurationName = Release;
		};
		47CE3C8028C4C75F004AD987 /* Build configuration list for PBXNativeTarget "HeartBeatLiveUITests" */ = {
			isa = XCConfigurationList;
			buildConfigurations = (
				47CE3C8128C4C75F004AD987 /* Debug */,
				47CE3C8228C4C75F004AD987 /* Release */,
			);
			defaultConfigurationIsVisible = 0;
			defaultConfigurationName = Release;
		};
/* End XCConfigurationList section */
	};
	rootObject = 47CE3C4E28C4C75B004AD987 /* Project object */;
}
